
Microsoft Visual Studio Solution File, Format Version 12.00
# Visual Studio Version 17
VisualStudioVersion = 17.0.31919.166
MinimumVisualStudioVersion = 10.0.40219.1
Project("{FAE04EC0-301F-11D3-BF4B-00C04F79EFBC}") = "Windows Activator", "Windows Activator\Windows Activator.csproj", "{B0A16413-0542-4D3B-9BBB-2DCD73926800}"
EndProject
Global
	GlobalSection(SolutionConfigurationPlatforms) = preSolution
		Debug|Any CPU = Debug|Any CPU
		Release|Any CPU = Release|Any CPU
	EndGlobalSection
	GlobalSection(ProjectConfigurationPlatforms) = postSolution
		{B0A16413-0542-4D3B-9BBB-2DCD73926800}.Debug|Any CPU.ActiveCfg = Debug|Any CPU
		{B0A16413-0542-4D3B-9BBB-2DCD73926800}.Debug|Any CPU.Build.0 = Debug|Any CPU
		{B0A16413-0542-4D3B-9BBB-2DCD73926800}.Release|Any CPU.ActiveCfg = Release|Any CPU
		{B0A16413-0542-4D3B-9BBB-2DCD73926800}.Release|Any CPU.Build.0 = Release|Any CPU
	EndGlobalSection
	GlobalSection(SolutionProperties) = preSolution
		HideSolutionNode = FALSE
	EndGlobalSection
	GlobalSection(ExtensibilityGlobals) = postSolution
		SolutionGuid = {5ACC10D4-398F-423D-8B2F-95EE4BFF77B5}
	EndGlobalSection
EndGlobal
